Microsoft Visual Studio Solution File, Format Version 12.00
# Visual Studio Version 17
VisualStudioVersion = 17.5.2.0
MinimumVisualStudioVersion = 10.0.40219.1
Project("{FAE04EC0-301F-11D3-BF4B-00C04F79EFBC}") = "KubeApp", "KubeApp\KubeApp.csproj", "{999AD69E-FBE5-160F-98B2-AA347B6DAD28}"
EndProject
Global
	GlobalSection(SolutionConfigurationPlatforms) = preSolution
		Debug|Any CPU = Debug|Any CPU
		Release|Any CPU = Release|Any CPU
	EndGlobalSection
	GlobalSection(ProjectConfigurationPlatforms) = postSolution
		{999AD69E-FBE5-160F-98B2-AA347B6DAD28}.Debug|Any CPU.ActiveCfg = Debug|Any CPU
		{999AD69E-FBE5-160F-98B2-AA347B6DAD28}.Debug|Any CPU.Build.0 = Debug|Any CPU
		{999AD69E-FBE5-160F-98B2-AA347B6DAD28}.Release|Any CPU.ActiveCfg = Release|Any CPU
		{999AD69E-FBE5-160F-98B2-AA347B6DAD28}.Release|Any CPU.Build.0 = Release|Any CPU
	EndGlobalSection
	GlobalSection(SolutionProperties) = preSolution
		HideSolutionNode = FALSE
	EndGlobalSection
	GlobalSection(ExtensibilityGlobals) = postSolution
		SolutionGuid = {61A7C787-AA9B-42F9-B034-1936F5C81D16}
	EndGlobalSection
EndGlobal
